{
    "_meta": {
        "hash": {
            "sha256": "9f033655962f30ce0c00c84d8221f8f2f665df65816180dd86763a67754b0475"
        },
        "pipfile-spec": 6,
        "requires": {},
        "sources": [
            {
                "url": "https://pypi.python.org/simple",
                "verify_ssl": true
            }
        ]
    },
    "default": {
        "adbus": {
            "hashes": [
                "sha256:dbf182ec564f5ca9d3c51c17e4f2aa743cae45a012b17d05c27e38e7e69f20b0"
            ],
            "version": "==0.2.0"
        },
        "aiofiles": {
            "hashes": [
                "sha256:25c66ea3872d05d53292a6b3f7fa0f86691512076446d83a505d227b5e76f668",
                "sha256:852a493a877b73e11823bfd4e8e5ef2610d70d12c9eaed961bcd9124d8de8c10"
            ],
            "version": "==0.3.2"
        },
        "certifi": {
            "hashes": [
                "sha256:14131608ad2fd56836d33a71ee60fa1c82bc9d2c8d98b7bdbc631fe1b3cd1296",
                "sha256:edbc3f203427eef571f79a7692bb160a2b0f7ccaa31953e99bd17e307cf63f7d"
            ],
            "version": "==2018.1.18"
        },
        "chardet": {
            "hashes": [
                "sha256:84ab92ed1c4d4f16916e05906b6b75a6c0fb5db821cc65e70cbd64a3e2a5eaae",
                "sha256:fc323ffcaeaed0e0a02bf4d117757b98aed530d9ed4531e3e15460124c106691"
            ],
            "version": "==3.0.4"
        },
        "cython": {
            "hashes": [
                "sha256:0a44c3645a84724d4f7f7c1126f3807cad14271f210bb1a9a15bfd330c8d20b9",
                "sha256:152ee5f345012ca3bb7cc71da2d3736ee20f52cd8476e4d49e5e25c5a4102b12",
                "sha256:15cbde95cdf6a346c63c0b38b895aa3186d0a49adcaf42b9e19c4cb0473cb921",
                "sha256:175273eb6a90af364b9b2aea74e3c3eebcde9caec02d617cd8886c0933ec3304",
                "sha256:1a434e7621ca6671ce949893fef94b13a580853ba976e729f68dda5ab270ee8a",
                "sha256:1da199a5be7c486ee89b4a8bda7f00f9fd98b800d9af3a1fe3fc63e68dadea85",
                "sha256:26196ff8fe00e7c4c5815a310c368edfc1a1c8a3c90ac9220435d1b01e795cf7",
                "sha256:2b73b062658511167dde37a51acb80ae6ddea1ffa284ebdbc47a900f21e63c70",
                "sha256:2b9aa64473fefbe988e36a30915732a0e2a75ffe0f3e81a70e3f8d367c2e4119",
                "sha256:32638aefc164404ac70e5f86558cd3aece34df17db16da905abf5e664073bae4",
                "sha256:330c95c03e39835976d1410f5fa877b75fcc5c50dc146d4c02377fc719b1f8c9",
                "sha256:38b499fa317cf6939e46317457240553b13e974f08ed387523f10af26e269f6c",
                "sha256:3c60caa0075aa1f1c5e10b5352d2e8bb9a18361ce9fca50fa7d4baea67804ade",
                "sha256:3fc9b945541cadb5a10316e48b5e73f4b6f635b7d30156f502b66f3766545b23",
                "sha256:427299c47cfe04d97f9f09ea55570c05898a87b64caf6ddebb529b6f64e5d228",
                "sha256:4e07e619af85e7c1ec2344ecab558929bb4acbca25f8f170d07dc677e8ee413f",
                "sha256:5010e048fb9791522fe626bd40137b8a847ba77a6e656bb64d6d7acdc45ece32",
                "sha256:70bc2806fc9e5affcf74c0d4fa12cba57ffb94cdfc28b975692c8df56ea86402",
                "sha256:7cdd5303121024269610236876d9f4beb6a909a1ea5d7bc48e7bbf5d8774a3f2",
                "sha256:80856aa45004514a3ff5e102bd18fbd5230d234311de1f83d4e5b97ef42f6c93",
                "sha256:996ae959ab2600b8ad4c80981afc32e89b42d0abe3234c48e960e40180459cb2",
                "sha256:b5c2e31be55bc61d3c758889d06b16d84f4fda944832fbed63c113ec2dbc5f97",
                "sha256:c39b3a042bf5ded7c8336c82b1fa817e1f46a7ef16d41d66b3d3340e7a3b60ed",
                "sha256:d08f5dd2fbf7d1506c9d986a8352b2423170002ddb635b184d2a916d2b5df0d6",
                "sha256:d2b636c16931663aeb8ffb91cf871a912e66e7200755ce68aa8c502c16eb366f",
                "sha256:e27e12834ac315c7d67ca697a325d42ff8395e9b82fb62c8665bb583eb0df589",
                "sha256:e312dd688b97e9f97199a8e4ba18b65db2747157630761d27193a18761b23fed",
                "sha256:e47bbe74d6c87fab2e22f1580aa3e4a8e7482b4265b1fc76685fc49f90e18f99",
                "sha256:ea113ff58e96152738e646b8ee77b41d3994735df77bee0a26cd413a67e03c0f",
                "sha256:ea22d79133583b5b0f856dbfda097363228ae0a3d77431deaba90634e5d4853a"
            ],
            "version": "==0.28.1"
        },
        "httptools": {
            "hashes": [
                "sha256:04c7703bbef0e8ca28b09811547352b8c7c20549eab70dc24e536bb24fd2b7c5"
            ],
            "version": "==0.0.11"
        },
        "idna": {
            "hashes": [
                "sha256:2c6a5de3089009e3da7c5dde64a141dbc8551d5b7f6cf4ed7c2568d0cc520a8f",
                "sha256:8c7309c718f94b3a625cb648ace320157ad16ff131ae0af362c9f21b80ef6ec4"
            ],
            "version": "==2.6"
        },
        "isodate": {
            "hashes": [
                "sha256:2e364a3d5759479cdb2d37cce6b9376ea504db2ff90252a2e5b7cc89cc9ff2d8",
                "sha256:aa4d33c06640f5352aca96e4b81afd8ab3b47337cc12089822d6f322ac772c81"
            ],
            "version": "==0.6.0"
        },
        "jinja2": {
            "hashes": [
                "sha256:74c935a1b8bb9a3947c50a54766a969d4846290e1e788ea44c1392163723c3bd",
                "sha256:f84be1bb0040caca4cea721fcbbbbd61f9be9464ca236387158b0feea01914a4"
            ],
            "version": "==2.10"
        },
        "markupsafe": {
            "hashes": [
                "sha256:a6be69091dac236ea9c6bc7d012beab42010fa914c459791d627dad4910eb665"
            ],
            "version": "==1.0"
        },
        "requests": {
            "hashes": [
                "sha256:6a1b267aa90cac58ac3a765d067950e7dbbf75b1da07e895d1f594193a40a38b",
                "sha256:9c443e7324ba5b85070c4a818ade28bfabedf16ea10206da1132edaa6dda237e"
            ],
            "version": "==2.18.4"
        },
        "sanic": {
            "hashes": [
                "sha256:18a3bd729093ac93a245849c44045c505a11e6d36da5bf231cb986bfb1e3c14c",
                "sha256:22b1a6f1dc55db8a136335cb0961afa95040ca78aa8c78425a40d91e8618e60e"
            ],
            "version": "==0.7.0"
        },
        "sanic-jinja2": {
            "hashes": [
                "sha256:2cd3b5ab35dbe542373d0e9feac1323c97e958dc0eb2467c2c8ec2f89bf35a79"
            ],
            "version": "==0.7.0"
        },
        "six": {
            "hashes": [
                "sha256:70e8a77beed4562e7f14fe23a786b54f6296e34344c23bc42f07b15018ff98e9",
                "sha256:832dc0e10feb1aa2c68dcc57dbb658f1c7e65b9b61af69048abc87a2db00a0eb"
            ],
            "version": "==1.11.0"
        },
        "ujson": {
            "hashes": [
                "sha256:f66073e5506e91d204ab0c614a148d5aa938bdbf104751be66f8ad7a222f5f86"
            ],
            "version": "==1.35"
        },
        "urllib3": {
            "hashes": [
                "sha256:06330f386d6e4b195fbfc736b297f58c5a892e4440e54d294d7004e3a9bbea1b",
                "sha256:cc44da8e1145637334317feebd728bd869a35285b93cbb4cca2577da7e62db4f"
            ],
            "version": "==1.22"
        },
        "uvloop": {
            "hashes": [
                "sha256:01cf7199728867f406ba5af78cc47c80acd663ccc52cae105e737a997f1b2bca",
                "sha256:68574150720a380509a3409bf2941be0199cfdacff144a97502fb29c250ba927",
                "sha256:7ee14835a75c72227d3f8a3f370519a3106a6f02e5453f275f16437ebdb92953",
                "sha256:7fba5f390db607b2f026bc598df6b2a2a9e062bffe82910b5ffe2b88560135e5",
                "sha256:89c3bfaad77625490c42a6b99af1879234767ab0c31dd193486a909506e5e549",
                "sha256:b057ef2b0d0162c1ef257f43a95f59bfec37ee9a75cc5412d6b7f9ac6d1d69cb",
                "sha256:e7c871ba3edd5fcf2afb756de88a9a65245070161e24f75abe79c0a241bb8c76"
            ],
            "version": "==0.9.1"
        },
        "websockets": {
            "hashes": [
                "sha256:0c31bc832d529dc7583d324eb6c836a4f362032a1902723c112cf57883488d8c",
                "sha256:1f3e5a52cab6daa3d432c7b0de0a14109be39d2bfaad033ee5de4a3d3e11dcdf",
                "sha256:341824d8c9ad53fc43cca3fa9407f294125fa258592f7676640396501448e57e",
                "sha256:367ff945bc0950ad9634591e2afe50bf2222bc4fad1088a386c4bb700888026e",
                "sha256:3859ca16c229ddb0fa21c5090e4efcb037c08ce69b0c1dfed6122c3f98cd0c22",
                "sha256:3d425ae081fb4ba1eef9ecf30472ffd79f8e868297ccc7a47993c96dbf2a819c",
                "sha256:64896a6b3368c959b8096b655e46f03dfa65b96745249f374bd6a35705cc3489",
                "sha256:6df87698022aef2596bffdfecc96d656db59c8d719708c8a471daa815ee61656",
                "sha256:80188abdadd23edaaea05ce761dc9a2e1df31a74a0533967f0dcd9560c85add0",
                "sha256:d1a0572b6edb22c9208e3e5381064e09d287d2a915f90233fef994ee7a14a935",
                "sha256:da4d4fbe059b0453e726d6d993760065d69b823a27efc3040402a6fcfe6a1ed9",
                "sha256:da7610a017f5343fdf765f4e0eb6fd0dfd08264ca1565212b110836d9367fc9c",
                "sha256:ebdd4f18fe7e3bea9bd3bf446b0f4117739478caa2c76e4f0fb72cc45b03cbd7",
                "sha256:f5192da704535a7cbf76d6e99c1ec4af7e8d1288252bf5a2385d414509ded0cf",
                "sha256:fd81af8cf3e69f9a97f3a6c0623a0527de0f922c2df725f00cd7646d478af632",
                "sha256:fecf51c13195c416c22422353b306dddb9c752e4b80b21e0fa1fccbe38246677"
            ],
            "version": "==4.0.1"
        }
    },
    "develop": {}
}
